
Microsoft Visual Studio Solution File, Format Version 12.00
# Visual Studio 15
VisualStudioVersion = 15.0.28010.2046
MinimumVisualStudioVersion = 10.0.40219.1
Project("{9A19103F-16F7-4668-BE54-9A1E7A4F7556}") = "Demo.Wage.API", "Demo.Wage.API\Demo.Wage.API.csproj", "{E7FC6173-B315-44DA-A5E1-D3C2E54AFE47}"
EndProject
Project("{9A19103F-16F7-4668-BE54-9A1E7A4F7556}") = "UnitTestProject1", "..\UnitTestProject1\UnitTestProject1.csproj", "{9C3DD193-A780-41CF-AB3E-0AF675257FED}"
EndProject
Project("{FAE04EC0-301F-11D3-BF4B-00C04F79EFBC}") = "Demo.Wage", "Demo.Wage\Demo.Wage.csproj", "{7A1CB255-F6F6-42E3-8C0E-A04315878626}"
EndProject
Project("{FAE04EC0-301F-11D3-BF4B-00C04F79EFBC}") = "Demo.Wage.AreaA", "Demo.Wage.AreaA\Demo.Wage.AreaA.csproj", "{13BF1A09-35CF-4FB2-9BB4-7201E8E13935}"
EndProject
Project("{FAE04EC0-301F-11D3-BF4B-00C04F79EFBC}") = "Demo.Wage.AreaB", "Demo.Wage.AreaB\Demo.Wage.AreaB.csproj", "{80279ADC-62B3-483F-B46F-9ED071E44126}"
EndProject
Project("{FAE04EC0-301F-11D3-BF4B-00C04F79EFBC}") = "Demo.Wage.AreaC", "Demo.Wage.AreaC\Demo.Wage.AreaC.csproj", "{1911783E-4658-4F3D-BB9D-3DE25C3272A4}"
EndProject
Project("{2150E333-8FDC-42A3-9474-1A3956D46DE8}") = "2. Business Reallization", "2. Business Reallization", "{A1C7C658-9CB9-4948-A979-1439A6BF2F36}"
EndProject
Project("{2150E333-8FDC-42A3-9474-1A3956D46DE8}") = "1. Abstract Business Logic", "1. Abstract Business Logic", "{384489E0-0264-4BCD-AF55-D0D9DF1AD53C}"
EndProject
Project("{2150E333-8FDC-42A3-9474-1A3956D46DE8}") = "3. Web API", "3. Web API", "{D470F048-447C-481C-896B-C81ECFE6A641}"
EndProject
Global
	GlobalSection(SolutionConfigurationPlatforms) = preSolution
		Debug|Any CPU = Debug|Any CPU
		Release|Any CPU = Release|Any CPU
	EndGlobalSection
	GlobalSection(ProjectConfigurationPlatforms) = postSolution
		{E7FC6173-B315-44DA-A5E1-D3C2E54AFE47}.Debug|Any CPU.ActiveCfg = Debug|Any CPU
		{E7FC6173-B315-44DA-A5E1-D3C2E54AFE47}.Debug|Any CPU.Build.0 = Debug|Any CPU
		{E7FC6173-B315-44DA-A5E1-D3C2E54AFE47}.Release|Any CPU.ActiveCfg = Release|Any CPU
		{E7FC6173-B315-44DA-A5E1-D3C2E54AFE47}.Release|Any CPU.Build.0 = Release|Any CPU
		{9C3DD193-A780-41CF-AB3E-0AF675257FED}.Debug|Any CPU.ActiveCfg = Debug|Any CPU
		{9C3DD193-A780-41CF-AB3E-0AF675257FED}.Debug|Any CPU.Build.0 = Debug|Any CPU
		{9C3DD193-A780-41CF-AB3E-0AF675257FED}.Release|Any CPU.ActiveCfg = Release|Any CPU
		{9C3DD193-A780-41CF-AB3E-0AF675257FED}.Release|Any CPU.Build.0 = Release|Any CPU
		{7A1CB255-F6F6-42E3-8C0E-A04315878626}.Debug|Any CPU.ActiveCfg = Debug|Any CPU
		{7A1CB255-F6F6-42E3-8C0E-A04315878626}.Debug|Any CPU.Build.0 = Debug|Any CPU
		{7A1CB255-F6F6-42E3-8C0E-A04315878626}.Release|Any CPU.ActiveCfg = Release|Any CPU
		{7A1CB255-F6F6-42E3-8C0E-A04315878626}.Release|Any CPU.Build.0 = Release|Any CPU
		{13BF1A09-35CF-4FB2-9BB4-7201E8E13935}.Debug|Any CPU.ActiveCfg = Debug|Any CPU
		{13BF1A09-35CF-4FB2-9BB4-7201E8E13935}.Debug|Any CPU.Build.0 = Debug|Any CPU
		{13BF1A09-35CF-4FB2-9BB4-7201E8E13935}.Release|Any CPU.ActiveCfg = Release|Any CPU
		{13BF1A09-35CF-4FB2-9BB4-7201E8E13935}.Release|Any CPU.Build.0 = Release|Any CPU
		{80279ADC-62B3-483F-B46F-9ED071E44126}.Debug|Any CPU.ActiveCfg = Debug|Any CPU
		{80279ADC-62B3-483F-B46F-9ED071E44126}.Debug|Any CPU.Build.0 = Debug|Any CPU
		{80279ADC-62B3-483F-B46F-9ED071E44126}.Release|Any CPU.ActiveCfg = Release|Any CPU
		{80279ADC-62B3-483F-B46F-9ED071E44126}.Release|Any CPU.Build.0 = Release|Any CPU
		{1911783E-4658-4F3D-BB9D-3DE25C3272A4}.Debug|Any CPU.ActiveCfg = Debug|Any CPU
		{1911783E-4658-4F3D-BB9D-3DE25C3272A4}.Debug|Any CPU.Build.0 = Debug|Any CPU
		{1911783E-4658-4F3D-BB9D-3DE25C3272A4}.Release|Any CPU.ActiveCfg = Release|Any CPU
		{1911783E-4658-4F3D-BB9D-3DE25C3272A4}.Release|Any CPU.Build.0 = Release|Any CPU
	EndGlobalSection
	GlobalSection(SolutionProperties) = preSolution
		HideSolutionNode = FALSE
	EndGlobalSection
	GlobalSection(NestedProjects) = preSolution
		{E7FC6173-B315-44DA-A5E1-D3C2E54AFE47} = {D470F048-447C-481C-896B-C81ECFE6A641}
		{7A1CB255-F6F6-42E3-8C0E-A04315878626} = {384489E0-0264-4BCD-AF55-D0D9DF1AD53C}
		{13BF1A09-35CF-4FB2-9BB4-7201E8E13935} = {A1C7C658-9CB9-4948-A979-1439A6BF2F36}
		{80279ADC-62B3-483F-B46F-9ED071E44126} = {A1C7C658-9CB9-4948-A979-1439A6BF2F36}
		{1911783E-4658-4F3D-BB9D-3DE25C3272A4} = {A1C7C658-9CB9-4948-A979-1439A6BF2F36}
	EndGlobalSection
	GlobalSection(ExtensibilityGlobals) = postSolution
		SolutionGuid = {E958C24E-8B27-4709-AE7E-04FD16D32B63}
	EndGlobalSection
EndGlobal
